
Microsoft Visual Studio Solution File, Format Version 12.00
# Visual Studio Version 16
VisualStudioVersion = 16.0.31424.327
MinimumVisualStudioVersion = 10.0.40219.1
Project("{FAE04EC0-301F-11D3-BF4B-00C04F79EFBC}") = "ClientLink", "ClientLink\ClientLink.csproj", "{CAF7B0C9-EEFA-4FCF-AD1F-35E62CC5B97D}"
EndProject
Project("{FAE04EC0-301F-11D3-BF4B-00C04F79EFBC}") = "svr", "svr\svr.csproj", "{084E9216-3617-4612-802A-F5279F7D6897}"
EndProject
Project("{FAE04EC0-301F-11D3-BF4B-00C04F79EFBC}") = "MainFormLib", "MainFormLib\MainFormLib.csproj", "{11FB7705-5D7E-4E61-B535-41F30E36DEEE}"
EndProject
Project("{FAE04EC0-301F-11D3-BF4B-00C04F79EFBC}") = "Demo10002", "Demo10002\Demo10002.csproj", "{C2E931EF-DF73-432F-9091-631E26F17198}"
EndProject
Project("{FAE04EC0-301F-11D3-BF4B-00C04F79EFBC}") = "DemoTest", "DemoTest\DemoTest.csproj", "{6F1C5DB5-44A6-4BB1-8E41-D4C2711DF4AD}"
EndProject
Global
	GlobalSection(SolutionConfigurationPlatforms) = preSolution
		Debug|Any CPU = Debug|Any CPU
		Release|Any CPU = Release|Any CPU
	EndGlobalSection
	GlobalSection(ProjectConfigurationPlatforms) = postSolution
		{CAF7B0C9-EEFA-4FCF-AD1F-35E62CC5B97D}.Debug|Any CPU.ActiveCfg = Debug|Any CPU
		{CAF7B0C9-EEFA-4FCF-AD1F-35E62CC5B97D}.Debug|Any CPU.Build.0 = Debug|Any CPU
		{CAF7B0C9-EEFA-4FCF-AD1F-35E62CC5B97D}.Release|Any CPU.ActiveCfg = Release|Any CPU
		{CAF7B0C9-EEFA-4FCF-AD1F-35E62CC5B97D}.Release|Any CPU.Build.0 = Release|Any CPU
		{084E9216-3617-4612-802A-F5279F7D6897}.Debug|Any CPU.ActiveCfg = Debug|Any CPU
		{084E9216-3617-4612-802A-F5279F7D6897}.Debug|Any CPU.Build.0 = Debug|Any CPU
		{084E9216-3617-4612-802A-F5279F7D6897}.Release|Any CPU.ActiveCfg = Release|Any CPU
		{084E9216-3617-4612-802A-F5279F7D6897}.Release|Any CPU.Build.0 = Release|Any CPU
		{11FB7705-5D7E-4E61-B535-41F30E36DEEE}.Debug|Any CPU.ActiveCfg = Debug|Any CPU
		{11FB7705-5D7E-4E61-B535-41F30E36DEEE}.Debug|Any CPU.Build.0 = Debug|Any CPU
		{11FB7705-5D7E-4E61-B535-41F30E36DEEE}.Release|Any CPU.ActiveCfg = Release|Any CPU
		{11FB7705-5D7E-4E61-B535-41F30E36DEEE}.Release|Any CPU.Build.0 = Release|Any CPU
		{C2E931EF-DF73-432F-9091-631E26F17198}.Debug|Any CPU.ActiveCfg = Debug|Any CPU
		{C2E931EF-DF73-432F-9091-631E26F17198}.Debug|Any CPU.Build.0 = Debug|Any CPU
		{C2E931EF-DF73-432F-9091-631E26F17198}.Release|Any CPU.ActiveCfg = Release|Any CPU
		{C2E931EF-DF73-432F-9091-631E26F17198}.Release|Any CPU.Build.0 = Release|Any CPU
		{6F1C5DB5-44A6-4BB1-8E41-D4C2711DF4AD}.Debug|Any CPU.ActiveCfg = Debug|Any CPU
		{6F1C5DB5-44A6-4BB1-8E41-D4C2711DF4AD}.Debug|Any CPU.Build.0 = Debug|Any CPU
		{6F1C5DB5-44A6-4BB1-8E41-D4C2711DF4AD}.Release|Any CPU.ActiveCfg = Release|Any CPU
		{6F1C5DB5-44A6-4BB1-8E41-D4C2711DF4AD}.Release|Any CPU.Build.0 = Release|Any CPU
	EndGlobalSection
	GlobalSection(SolutionProperties) = preSolution
		HideSolutionNode = FALSE
	EndGlobalSection
	GlobalSection(ExtensibilityGlobals) = postSolution
		SolutionGuid = {48DE1534-2C0B-482E-AE83-38D8217C3886}
	EndGlobalSection
EndGlobal
